// !$*UTF8*$!
{
	archiveVersion = 1;
	classes = {
	};
	objectVersion = 50;
	objects = {

/* Begin PBXBuildFile section */
		D17F8BB34C0C5791B39EFED2 /* Pods_Finance_App.framework in Frameworks */ = {isa = PBXBuildFile; fileRef = 4DB2A9A1F81C90FAB5F9A5AA /* Pods_Finance_App.framework */; };
		D2099D1E264871E7004446AE /* AppDelegate.swift in Sources */ = {isa = PBXBuildFile; fileRef = D2099D1D264871E7004446AE /* AppDelegate.swift */; };
		D2099D20264871E7004446AE /* SceneDelegate.swift in Sources */ = {isa = PBXBuildFile; fileRef = D2099D1F264871E7004446AE /* SceneDelegate.swift */; };
		D2099D22264871E7004446AE /* ViewController.swift in Sources */ = {isa = PBXBuildFile; fileRef = D2099D21264871E7004446AE /* ViewController.swift */; };
		D2099D25264871E7004446AE /* Main.storyboard in Resources */ = {isa = PBXBuildFile; fileRef = D2099D23264871E7004446AE /* Main.storyboard */; };
		D2099D27264871F0004446AE /* Assets.xcassets in Resources */ = {isa = PBXBuildFile; fileRef = D2099D26264871F0004446AE /* Assets.xcassets */; };
		D2099D2A264871F0004446AE /* LaunchScreen.storyboard in Resources */ = {isa = PBXBuildFile; fileRef = D2099D28264871F0004446AE /* LaunchScreen.storyboard */; };
		D21AC481264C6F830024984E /* AddNewMoneyViewController.swift in Sources */ = {isa = PBXBuildFile; fileRef = D21AC480264C6F830024984E /* AddNewMoneyViewController.swift */; };
		D21AC485264C71D50024984E /* FuncElement.swift in Sources */ = {isa = PBXBuildFile; fileRef = D21AC484264C71D50024984E /* FuncElement.swift */; };
/* End PBXBuildFile section */

/* Begin PBXFileReference section */
		4DB2A9A1F81C90FAB5F9A5AA /* Pods_Finance_App.framework */ = {isa = PBXFileReference; explicitFileType = wrapper.framework; includeInIndex = 0; path = Pods_Finance_App.framework; sourceTree = BUILT_PRODUCTS_DIR; };
		928E83ABDAEAC6F3C0411C12 /* Pods-Finance App.debug.xcconfig */ = {isa = PBXFileReference; includeInIndex = 1; lastKnownFileType = text.xcconfig; name = "Pods-Finance App.debug.xcconfig"; path = "Target Support Files/Pods-Finance App/Pods-Finance App.debug.xcconfig"; sourceTree = "<group>"; };
		ABD5A2F501FA89A954A9A898 /* Pods-Finance App.release.xcconfig */ = {isa = PBXFileReference; includeInIndex = 1; lastKnownFileType = text.xcconfig; name = "Pods-Finance App.release.xcconfig"; path = "Target Support Files/Pods-Finance App/Pods-Finance App.release.xcconfig"; sourceTree = "<group>"; };
		D2099D1A264871E7004446AE /* Finance App.app */ = {isa = PBXFileReference; explicitFileType = wrapper.application; includeInIndex = 0; path = "Finance App.app"; sourceTree = BUILT_PRODUCTS_DIR; };
		D2099D1D264871E7004446AE /* AppDelegate.swift */ = {isa = PBXFileReference; lastKnownFileType = sourcecode.swift; path = AppDelegate.swift; sourceTree = "<group>"; };
		D2099D1F264871E7004446AE /* SceneDelegate.swift */ = {isa = PBXFileReference; lastKnownFileType = sourcecode.swift; path = SceneDelegate.swift; sourceTree = "<group>"; };
		D2099D21264871E7004446AE /* ViewController.swift */ = {isa = PBXFileReference; lastKnownFileType = sourcecode.swift; path = ViewController.swift; sourceTree = "<group>"; };
		D2099D24264871E7004446AE /* Base */ = {isa = PBXFileReference; lastKnownFileType = file.storyboard; name = Base; path = Base.lproj/Main.storyboard; sourceTree = "<group>"; };
		D2099D26264871F0004446AE /* Assets.xcassets */ = {isa = PBXFileReference; lastKnownFileType = folder.assetcatalog; path = Assets.xcassets; sourceTree = "<group>"; };
		D2099D29264871F0004446AE /* Base */ = {isa = PBXFileReference; lastKnownFileType = file.storyboard; name = Base; path = Base.lproj/LaunchScreen.storyboard; sourceTree = "<group>"; };
		D2099D2B264871F0004446AE /* Info.plist */ = {isa = PBXFileReference; lastKnownFileType = text.plist.xml; path = Info.plist; sourceTree = "<group>"; };
		D21AC480264C6F830024984E /* AddNewMoneyViewController.swift */ = {isa = PBXFileReference; lastKnownFileType = sourcecode.swift; path = AddNewMoneyViewController.swift; sourceTree = "<group>"; };
		D21AC484264C71D50024984E /* FuncElement.swift */ = {isa = PBXFileReference; lastKnownFileType = sourcecode.swift; path = FuncElement.swift; sourceTree = "<group>"; };
/* End PBXFileReference section */

/* Begin PBXFrameworksBuildPhase section */
		D2099D17264871E7004446AE /* Frameworks */ = {
			isa = PBXFrameworksBuildPhase;
			buildActionMask = 2147483647;
			files = (
				D17F8BB34C0C5791B39EFED2 /* Pods_Finance_App.framework in Frameworks */,
			);
			runOnlyForDeploymentPostprocessing = 0;
		};
/* End PBXFrameworksBuildPhase section */

/* Begin PBXGroup section */
		81F78796AB923F2A8887E89C /* Frameworks */ = {
			isa = PBXGroup;
			children = (
				4DB2A9A1F81C90FAB5F9A5AA /* Pods_Finance_App.framework */,
			);
			name = Frameworks;
			sourceTree = "<group>";
		};
		C5AEB3C80F16EBB30F4AB7E6 /* Pods */ = {
			isa = PBXGroup;
			children = (
				928E83ABDAEAC6F3C0411C12 /* Pods-Finance App.debug.xcconfig */,
				ABD5A2F501FA89A954A9A898 /* Pods-Finance App.release.xcconfig */,
			);
			path = Pods;
			sourceTree = "<group>";
		};
		D2099D11264871E7004446AE = {
			isa = PBXGroup;
			children = (
				D2099D1C264871E7004446AE /* Finance App */,
				D2099D1B264871E7004446AE /* Products */,
				C5AEB3C80F16EBB30F4AB7E6 /* Pods */,
				81F78796AB923F2A8887E89C /* Frameworks */,
			);
			sourceTree = "<group>";
		};
		D2099D1B264871E7004446AE /* Products */ = {
			isa = PBXGroup;
			children = (
				D2099D1A264871E7004446AE /* Finance App.app */,
			);
			name = Products;
			sourceTree = "<group>";
		};
		D2099D1C264871E7004446AE /* Finance App */ = {
			isa = PBXGroup;
			children = (
				D2099D1D264871E7004446AE /* AppDelegate.swift */,
				D2099D1F264871E7004446AE /* SceneDelegate.swift */,
				D2099D21264871E7004446AE /* ViewController.swift */,
				D21AC47F264C6F360024984E /* FirstScreen */,
				D2099D23264871E7004446AE /* Main.storyboard */,
				D2099D26264871F0004446AE /* Assets.xcassets */,
				D2099D28264871F0004446AE /* LaunchScreen.storyboard */,
				D2099D2B264871F0004446AE /* Info.plist */,
			);
			path = "Finance App";
			sourceTree = "<group>";
		};
		D21AC47F264C6F360024984E /* FirstScreen */ = {
			isa = PBXGroup;
			children = (
				D21AC480264C6F830024984E /* AddNewMoneyViewController.swift */,
				D21AC484264C71D50024984E /* FuncElement.swift */,
			);
			path = FirstScreen;
			sourceTree = "<group>";
		};
/* End PBXGroup section */

/* Begin PBXNativeTarget section */
		D2099D19264871E7004446AE /* Finance App */ = {
			isa = PBXNativeTarget;
			buildConfigurationList = D2099D2E264871F0004446AE /* Build configuration list for PBXNativeTarget "Finance App" */;
			buildPhases = (
				3ADE2592ABB931DDBB738650 /* [CP] Check Pods Manifest.lock */,
				D2099D16264871E7004446AE /* Sources */,
				D2099D17264871E7004446AE /* Frameworks */,
				D2099D18264871E7004446AE /* Resources */,
				AEEAB6598B4803AFD5540AE3 /* [CP] Embed Pods Frameworks */,
			);
			buildRules = (
			);
			dependencies = (
			);
			name = "Finance App";
			productName = "Finance App";
			productReference = D2099D1A264871E7004446AE /* Finance App.app */;
			productType = "com.apple.product-type.application";
		};
/* End PBXNativeTarget section */

/* Begin PBXProject section */
		D2099D12264871E7004446AE /* Project object */ = {
			isa = PBXProject;
			attributes = {
				LastSwiftUpdateCheck = 1230;
				LastUpgradeCheck = 1230;
				TargetAttributes = {
					D2099D19264871E7004446AE = {
						CreatedOnToolsVersion = 12.3;
					};
				};
			};
			buildConfigurationList = D2099D15264871E7004446AE /* Build configuration list for PBXProject "Finance App" */;
			compatibilityVersion = "Xcode 9.3";
			developmentRegion = en;
			hasScannedForEncodings = 0;
			knownRegions = (
				en,
				Base,
			);
			mainGroup = D2099D11264871E7004446AE;
			productRefGroup = D2099D1B264871E7004446AE /* Products */;
			projectDirPath = "";
			projectRoot = "";
			targets = (
				D2099D19264871E7004446AE /* Finance App */,
			);
		};
/* End PBXProject section */

/* Begin PBXResourcesBuildPhase section */
		D2099D18264871E7004446AE /* Resources */ = {
			isa = PBXResourcesBuildPhase;
			buildActionMask = 2147483647;
			files = (
				D2099D2A264871F0004446AE /* LaunchScreen.storyboard in Resources */,
				D2099D27264871F0004446AE /* Assets.xcassets in Resources */,
				D2099D25264871E7004446AE /* Main.storyboard in Resources */,
			);
			runOnlyForDeploymentPostprocessing = 0;
		};
/* End PBXResourcesBuildPhase section */

/* Begin PBXShellScriptBuildPhase section */
		3ADE2592ABB931DDBB738650 /* [CP] Check Pods Manifest.lock */ = {
			isa = PBXShellScriptBuildPhase;
			buildActionMask = 2147483647;
			files = (
			);
			inputFileListPaths = (
			);
			inputPaths = (
				"${PODS_PODFILE_DIR_PATH}/Podfile.lock",
				"${PODS_ROOT}/Manifest.lock",
			);
			name = "[CP] Check Pods Manifest.lock";
			outputFileListPaths = (
			);
			outputPaths = (
				"$(DERIVED_FILE_DIR)/Pods-Finance App-checkManifestLockResult.txt",
			);
			runOnlyForDeploymentPostprocessing = 0;
			shellPath = /bin/sh;
			shellScript = "diff \"${PODS_PODFILE_DIR_PATH}/Podfile.lock\" \"${PODS_ROOT}/Manifest.lock\" > /dev/null\nif [ $? != 0 ] ; then\n    # print error to STDERR\n    echo \"error: The sandbox is not in sync with the Podfile.lock. Run 'pod install' or update your CocoaPods installation.\" >&2\n    exit 1\nfi\n# This output is used by Xcode 'outputs' to avoid re-running this script phase.\necho \"SUCCESS\" > \"${SCRIPT_OUTPUT_FILE_0}\"\n";
			showEnvVarsInLog = 0;
		};
		AEEAB6598B4803AFD5540AE3 /* [CP] Embed Pods Frameworks */ = {
			isa = PBXShellScriptBuildPhase;
			buildActionMask = 2147483647;
			files = (
			);
			inputFileListPaths = (
				"${PODS_ROOT}/Target Support Files/Pods-Finance App/Pods-Finance App-frameworks-${CONFIGURATION}-input-files.xcfilelist",
			);
			name = "[CP] Embed Pods Frameworks";
			outputFileListPaths = (
				"${PODS_ROOT}/Target Support Files/Pods-Finance App/Pods-Finance App-frameworks-${CONFIGURATION}-output-files.xcfilelist",
			);
			runOnlyForDeploymentPostprocessing = 0;
			shellPath = /bin/sh;
			shellScript = "\"${PODS_ROOT}/Target Support Files/Pods-Finance App/Pods-Finance App-frameworks.sh\"\n";
			showEnvVarsInLog = 0;
		};
/* End PBXShellScriptBuildPhase section */

/* Begin PBXSourcesBuildPhase section */
		D2099D16264871E7004446AE /* Sources */ = {
			isa = PBXSourcesBuildPhase;
			buildActionMask = 2147483647;
			files = (
				D21AC481264C6F830024984E /* AddNewMoneyViewController.swift in Sources */,
				D21AC485264C71D50024984E /* FuncElement.swift in Sources */,
				D2099D22264871E7004446AE /* ViewController.swift in Sources */,
				D2099D1E264871E7004446AE /* AppDelegate.swift in Sources */,
				D2099D20264871E7004446AE /* SceneDelegate.swift in Sources */,
			);
			runOnlyForDeploymentPostprocessing = 0;
		};
/* End PBXSourcesBuildPhase section */

/* Begin PBXVariantGroup section */
		D2099D23264871E7004446AE /* Main.storyboard */ = {
			isa = PBXVariantGroup;
			children = (
				D2099D24264871E7004446AE /* Base */,
			);
			name = Main.storyboard;
			sourceTree = "<group>";
		};
		D2099D28264871F0004446AE /* LaunchScreen.storyboard */ = {
			isa = PBXVariantGroup;
			children = (
				D2099D29264871F0004446AE /* Base */,
			);
			name = LaunchScreen.storyboard;
			sourceTree = "<group>";
		};
/* End PBXVariantGroup section */

/* Begin XCBuildConfiguration section */
		D2099D2C264871F0004446AE /* Debug */ = {
			isa = XCBuildConfiguration;
			buildSettings = {
				ALWAYS_SEARCH_USER_PATHS = NO;
				CLANG_ANALYZER_NONNULL = YES;
				CLANG_ANALYZER_NUMBER_OBJECT_CONVERSION = YES_AGGRESSIVE;
				CLANG_CXX_LANGUAGE_STANDARD = "gnu++14";
				CLANG_CXX_LIBRARY = "libc++";
				CLANG_ENABLE_MODULES = YES;
				CLANG_ENABLE_OBJC_ARC = YES;
				CLANG_ENABLE_OBJC_WEAK = YES;
				CLANG_WARN_BLOCK_CAPTURE_AUTORELEASING = YES;
				CLANG_WARN_BOOL_CONVERSION = YES;
				CLANG_WARN_COMMA = YES;
				CLANG_WARN_CONSTANT_CONVERSION = YES;
				CLANG_WARN_DEPRECATED_OBJC_IMPLEMENTATIONS = YES;
				CLANG_WARN_DIRECT_OBJC_ISA_USAGE = YES_ERROR;
				CLANG_WARN_DOCUMENTATION_COMMENTS = YES;
				CLANG_WARN_EMPTY_BODY = YES;
				CLANG_WARN_ENUM_CONVERSION = YES;
				CLANG_WARN_INFINITE_RECURSION = YES;
				CLANG_WARN_INT_CONVERSION = YES;
				CLANG_WARN_NON_LITERAL_NULL_CONVERSION = YES;
				CLANG_WARN_OBJC_IMPLICIT_RETAIN_SELF = YES;
				CLANG_WARN_OBJC_LITERAL_CONVERSION = YES;
				CLANG_WARN_OBJC_ROOT_CLASS = YES_ERROR;
				CLANG_WARN_QUOTED_INCLUDE_IN_FRAMEWORK_HEADER = YES;
				CLANG_WARN_RANGE_LOOP_ANALYSIS = YES;
				CLANG_WARN_STRICT_PROTOTYPES = YES;
				CLANG_WARN_SUSPICIOUS_MOVE = YES;
				CLANG_WARN_UNGUARDED_AVAILABILITY = YES_AGGRESSIVE;
				CLANG_WARN_UNREACHABLE_CODE = YES;
				CLANG_WARN__DUPLICATE_METHOD_MATCH = YES;
				COPY_PHASE_STRIP = NO;
				DEBUG_INFORMATION_FORMAT = dwarf;
				ENABLE_STRICT_OBJC_MSGSEND = YES;
				ENABLE_TESTABILITY = YES;
				GCC_C_LANGUAGE_STANDARD = gnu11;
				GCC_DYNAMIC_NO_PIC = NO;
				GCC_NO_COMMON_BLOCKS = YES;
				GCC_OPTIMIZATION_LEVEL = 0;
				GCC_PREPROCESSOR_DEFINITIONS = (
					"DEBUG=1",
					"$(inherited)",
				);
				GCC_WARN_64_TO_32_BIT_CONVERSION = YES;
				GCC_WARN_ABOUT_RETURN_TYPE = YES_ERROR;
				GCC_WARN_UNDECLARED_SELECTOR = YES;
				GCC_WARN_UNINITIALIZED_AUTOS = YES_AGGRESSIVE;
				GCC_WARN_UNUSED_FUNCTION = YES;
				GCC_WARN_UNUSED_VARIABLE = YES;
				IPHONEOS_DEPLOYMENT_TARGET = 14.3;
				MTL_ENABLE_DEBUG_INFO = INCLUDE_SOURCE;
				MTL_FAST_MATH = YES;
				ONLY_ACTIVE_ARCH = YES;
				SDKROOT = iphoneos;
				SWIFT_ACTIVE_COMPILATION_CONDITIONS = DEBUG;
				SWIFT_OPTIMIZATION_LEVEL = "-Onone";
			};
			name = Debug;
		};
		D2099D2D264871F0004446AE /* Release */ = {
			isa = XCBuildConfiguration;
			buildSettings = {
				ALWAYS_SEARCH_USER_PATHS = NO;
				CLANG_ANALYZER_NONNULL = YES;
				CLANG_ANALYZER_NUMBER_OBJECT_CONVERSION = YES_AGGRESSIVE;
				CLANG_CXX_LANGUAGE_STANDARD = "gnu++14";
				CLANG_CXX_LIBRARY = "libc++";
				CLANG_ENABLE_MODULES = YES;
				CLANG_ENABLE_OBJC_ARC = YES;
				CLANG_ENABLE_OBJC_WEAK = YES;
				CLANG_WARN_BLOCK_CAPTURE_AUTORELEASING = YES;
				CLANG_WARN_BOOL_CONVERSION = YES;
				CLANG_WARN_COMMA = YES;
				CLANG_WARN_CONSTANT_CONVERSION = YES;
				CLANG_WARN_DEPRECATED_OBJC_IMPLEMENTATIONS = YES;
				CLANG_WARN_DIRECT_OBJC_ISA_USAGE = YES_ERROR;
				CLANG_WARN_DOCUMENTATION_COMMENTS = YES;
				CLANG_WARN_EMPTY_BODY = YES;
				CLANG_WARN_ENUM_CONVERSION = YES;
				CLANG_WARN_INFINITE_RECURSION = YES;
				CLANG_WARN_INT_CONVERSION = YES;
				CLANG_WARN_NON_LITERAL_NULL_CONVERSION = YES;
				CLANG_WARN_OBJC_IMPLICIT_RETAIN_SELF = YES;
				CLANG_WARN_OBJC_LITERAL_CONVERSION = YES;
				CLANG_WARN_OBJC_ROOT_CLASS = YES_ERROR;
				CLANG_WARN_QUOTED_INCLUDE_IN_FRAMEWORK_HEADER = YES;
				CLANG_WARN_RANGE_LOOP_ANALYSIS = YES;
				CLANG_WARN_STRICT_PROTOTYPES = YES;
				CLANG_WARN_SUSPICIOUS_MOVE = YES;
				CLANG_WARN_UNGUARDED_AVAILABILITY = YES_AGGRESSIVE;
				CLANG_WARN_UNREACHABLE_CODE = YES;
				CLANG_WARN__DUPLICATE_METHOD_MATCH = YES;
				COPY_PHASE_STRIP = NO;
				DEBUG_INFORMATION_FORMAT = "dwarf-with-dsym";
				ENABLE_NS_ASSERTIONS = NO;
				ENABLE_STRICT_OBJC_MSGSEND = YES;
				GCC_C_LANGUAGE_STANDARD = gnu11;
				GCC_NO_COMMON_BLOCKS = YES;
				GCC_WARN_64_TO_32_BIT_CONVERSION = YES;
				GCC_WARN_ABOUT_RETURN_TYPE = YES_ERROR;
				GCC_WARN_UNDECLARED_SELECTOR = YES;
				GCC_WARN_UNINITIALIZED_AUTOS = YES_AGGRESSIVE;
				GCC_WARN_UNUSED_FUNCTION = YES;
				GCC_WARN_UNUSED_VARIABLE = YES;
				IPHONEOS_DEPLOYMENT_TARGET = 14.3;
				MTL_ENABLE_DEBUG_INFO = NO;
				MTL_FAST_MATH = YES;
				SDKROOT = iphoneos;
				SWIFT_COMPILATION_MODE = wholemodule;
				SWIFT_OPTIMIZATION_LEVEL = "-O";
				VALIDATE_PRODUCT = YES;
			};
			name = Release;
		};
		D2099D2F264871F0004446AE /* Debug */ = {
			isa = XCBuildConfiguration;
			baseConfigurationReference = 928E83ABDAEAC6F3C0411C12 /* Pods-Finance App.debug.xcconfig */;
			buildSettings = {
				ASSETCATALOG_COMPILER_APPICON_NAME = AppIcon;
				ASSETCATALOG_COMPILER_GLOBAL_ACCENT_COLOR_NAME = AccentColor;
				CODE_SIGN_STYLE = Automatic;
				DEVELOPMENT_TEAM = UJ8B9FFXUA;
				INFOPLIST_FILE = "Finance App/Info.plist";
				LD_RUNPATH_SEARCH_PATHS = (
					"$(inherited)",
					"@executable_path/Frameworks",
				);
				PRODUCT_BUNDLE_IDENTIFIER = "KiKoTeam.Finance-App";
				PRODUCT_NAME = "$(TARGET_NAME)";
				SWIFT_VERSION = 5.0;
				TARGETED_DEVICE_FAMILY = "1,2";
			};
			name = Debug;
		};
		D2099D30264871F0004446AE /* Release */ = {
			isa = XCBuildConfiguration;
			baseConfigurationReference = ABD5A2F501FA89A954A9A898 /* Pods-Finance App.release.xcconfig */;
			buildSettings = {
				ASSETCATALOG_COMPILER_APPICON_NAME = AppIcon;
				ASSETCATALOG_COMPILER_GLOBAL_ACCENT_COLOR_NAME = AccentColor;
				CODE_SIGN_STYLE = Automatic;
				DEVELOPMENT_TEAM = UJ8B9FFXUA;
				INFOPLIST_FILE = "Finance App/Info.plist";
				LD_RUNPATH_SEARCH_PATHS = (
					"$(inherited)",
					"@executable_path/Frameworks",
				);
				PRODUCT_BUNDLE_IDENTIFIER = "KiKoTeam.Finance-App";
				PRODUCT_NAME = "$(TARGET_NAME)";
				SWIFT_VERSION = 5.0;
				TARGETED_DEVICE_FAMILY = "1,2";
			};
			name = Release;
		};
/* End XCBuildConfiguration section */

/* Begin XCConfigurationList section */
		D2099D15264871E7004446AE /* Build configuration list for PBXProject "Finance App" */ = {
			isa = XCConfigurationList;
			buildConfigurations = (
				D2099D2C264871F0004446AE /* Debug */,
				D2099D2D264871F0004446AE /* Release */,
			);
			defaultConfigurationIsVisible = 0;
			defaultConfigurationName = Release;
		};
		D2099D2E264871F0004446AE /* Build configuration list for PBXNativeTarget "Finance App" */ = {
			isa = XCConfigurationList;
			buildConfigurations = (
				D2099D2F264871F0004446AE /* Debug */,
				D2099D30264871F0004446AE /* Release */,
			);
			defaultConfigurationIsVisible = 0;
			defaultConfigurationName = Release;
		};
/* End XCConfigurationList section */
	};
	rootObject = D2099D12264871E7004446AE /* Project object */;
}
